{
  "version": 4,
  "terraform_version": "0.12.24",
  "serial": 1,
  "lineage": "43d509c3-9506-a21d-44c8-762c684cebef",
  "outputs": {},
  "resources": [
    {
      "mode": "managed",
      "type": "google_container_cluster",
      "name": "gke-cluster",
      "provider": "provider.google",
      "instances": [
        {
          "schema_version": 1,
          "attributes": {
            "additional_zones": [],
            "addons_config": [
              {
                "horizontal_pod_autoscaling": [],
                "http_load_balancing": [],
                "kubernetes_dashboard": [],
                "network_policy_config": [
                  {
                    "disabled": true
                  }
                ]
              }
            ],
            "authenticator_groups_config": [],
            "cluster_autoscaling": [
              {
                "auto_provisioning_defaults": [],
                "enabled": false,
                "resource_limits": []
              }
            ],
            "cluster_ipv4_cidr": "10.24.0.0/14",
            "default_max_pods_per_node": 110,
            "description": "",
            "enable_binary_authorization": false,
            "enable_intranode_visibility": null,
            "enable_kubernetes_alpha": false,
            "enable_legacy_abac": false,
            "enable_tpu": null,
            "endpoint": "35.187.71.6",
            "id": "projects/alien-trainer-269910/locations/europe-west1-b/clusters/my-cool-gke-cluster",
            "initial_node_count": 3,
            "instance_group_urls": [
              "https://www.googleapis.com/compute/v1/projects/alien-trainer-269910/zones/europe-west1-b/instanceGroups/gke-my-cool-gke-cluster-default-pool-a66f8455-grp"
            ],
            "ip_allocation_policy": [],
            "label_fingerprint": "a9dc16a7",
            "location": "europe-west1-b",
            "logging_service": "logging.googleapis.com/kubernetes",
            "maintenance_policy": [],
            "master_auth": [
              {
                "client_certificate": "",
                "client_certificate_config": [
                  {
                    "issue_client_certificate": false
                  }
                ],
                "client_key": "",
                "cluster_ca_certificate": "LS0tLS1CRUdJTiBDRVJUSUZJQ0FURS0tLS0tCk1JSURDekNDQWZPZ0F3SUJBZ0lRWFB6YXlwbTdXRzJnbitrcnV1ekhUREFOQmdrcWhraUc5dzBCQVFzRkFEQXYKTVMwd0t3WURWUVFERXlRMlltUTVZVFZtTmkweFpETmtMVFE1T1RjdFlUWmhPUzFpTW1SbE9UUmtOakl6TURBdwpIaGNOTWpBd016TXdNVE0wTWpJMFdoY05NalV3TXpJNU1UUTBNakkwV2pBdk1TMHdLd1lEVlFRREV5UTJZbVE1CllUVm1OaTB4WkROa0xUUTVPVGN0WVRaaE9TMWlNbVJsT1RSa05qSXpNREF3Z2dFaU1BMEdDU3FHU0liM0RRRUIKQVFVQUE0SUJEd0F3Z2dFS0FvSUJBUURFTEdvYlZPZEt6RS90QmdrSXBuVHJyVWlxSWtsa1hsMmF5QnphVUZXQwpnT0o4VmY5cFk4OXk0Qko3MWVzVlI2a3MxOHRaTmx1VTRkYkZzTGZjT2xHY2dZTWIvVHp0VnN5NFFVUUJBMU1nCndzeXFMQ1diNVltSWZIL1N0b0JlMG93NngrSnhIM1d6UytTVEpndEkwd3BqcFBMMWE0Ym5ycEh6YjRMU3FKdVEKdHJURUVlSDZvWkRRQ3ozS1VCY0ZuQWhzdGd3cTJ2aWRacmtINnk3c3RCUEFBRWJMQkVGUU5qRXpnQVJ2TVhkaAoxaTh4OTZwN1FvVUpjMXV4U3ljV3hQZDVVQzBtM2xBMUM5aU1vWHpDZjhBN0tpMjZRdG5pNmRQRGQ0a2trL3N4CkZWWXNYdXdleDFLSmJxTlV6a04xVm50MDMzNTVaSEhkcytRRTlsMjhZN1FsQWdNQkFBR2pJekFoTUE0R0ExVWQKRHdFQi93UUVBd0lDQkRBUEJnTlZIUk1CQWY4RUJUQURBUUgvTUEwR0NTcUdTSWIzRFFFQkN3VUFBNElCQVFDTwpLMnFHL1JrcUc1ZHFnT0tXZzk5Z1ZSNzQ2UmlkTUZvcVFoS0lBWXFHWXIxcDNpeFNVUzZnL0x0eHBBSndSY1RMCjIwVk5vV2ZqN1FIMmttWXh3YnhRUTlTQ0piMjQ3Z0xlczE4K2JJU2V2eWlhMDc4VTJhem1LdG1oZXREVms0OU0KTkdqTUJza0pQVGpvVHFSblh3RjZkZ1dXbzM4eGJPU1lUdE5ySlFsRVNxNkUvQ0lWVlg3Yi9QalpVRVlIenpTTApZZW1McUlEUFJUbGl0MnBpQVYxUFBIUm14UVo5a1pkcTczbVVKdi9Gd2NYdlV4WXA0L0pSTHNSSzR1K1FRTS91CjhMazM2bVFOS0VXcCtCMFZCUHBJY2h0aTNzRVlqMnBQQzlIQlhlMklaUnZ6cEJlblhsOXdFbER5M2JHOEp5WisKYWxiOUdER0xrNDFJSG0xQ3VodkgKLS0tLS1FTkQgQ0VSVElGSUNBVEUtLS0tLQo=",
                "password": "",
                "username": ""
              }
            ],
            "master_authorized_networks_config": [],
            "master_version": "1.14.10-gke.24",
            "min_master_version": null,
            "monitoring_service": "monitoring.googleapis.com/kubernetes",
            "name": "my-cool-gke-cluster",
            "network": "projects/alien-trainer-269910/global/networks/default",
            "network_policy": [
              {
                "enabled": false,
                "provider": "PROVIDER_UNSPECIFIED"
              }
            ],
            "node_config": [
              {
                "disk_size_gb": 100,
                "disk_type": "pd-standard",
                "guest_accelerator": [],
                "image_type": "COS",
                "labels": {},
                "local_ssd_count": 0,
                "machine_type": "n1-standard-1",
                "metadata": {
                  "disable-legacy-endpoints": "true"
                },
                "min_cpu_platform": "",
                "oauth_scopes": [
                  "https://www.googleapis.com/auth/devstorage.read_only",
                  "https://www.googleapis.com/auth/logging.write",
                  "https://www.googleapis.com/auth/monitoring",
                  "https://www.googleapis.com/auth/service.management.readonly",
                  "https://www.googleapis.com/auth/servicecontrol",
                  "https://www.googleapis.com/auth/trace.append"
                ],
                "preemptible": false,
                "sandbox_config": [],
                "service_account": "default",
                "shielded_instance_config": [
                  {
                    "enable_integrity_monitoring": true,
                    "enable_secure_boot": false
                  }
                ],
                "tags": [],
                "taint": [],
                "workload_metadata_config": []
              }
            ],
            "node_locations": [],
            "node_pool": [
              {
                "autoscaling": [],
                "initial_node_count": 3,
                "instance_group_urls": [
                  "https://www.googleapis.com/compute/v1/projects/alien-trainer-269910/zones/europe-west1-b/instanceGroupManagers/gke-my-cool-gke-cluster-default-pool-a66f8455-grp"
                ],
                "management": [
                  {
                    "auto_repair": false,
                    "auto_upgrade": true
                  }
                ],
                "max_pods_per_node": 0,
                "name": "default-pool",
                "name_prefix": "",
                "node_config": [
                  {
                    "disk_size_gb": 100,
                    "disk_type": "pd-standard",
                    "guest_accelerator": [],
                    "image_type": "COS",
                    "labels": {},
                    "local_ssd_count": 0,
                    "machine_type": "n1-standard-1",
                    "metadata": {
                      "disable-legacy-endpoints": "true"
                    },
                    "min_cpu_platform": "",
                    "oauth_scopes": [
                      "https://www.googleapis.com/auth/devstorage.read_only",
                      "https://www.googleapis.com/auth/logging.write",
                      "https://www.googleapis.com/auth/monitoring",
                      "https://www.googleapis.com/auth/service.management.readonly",
                      "https://www.googleapis.com/auth/servicecontrol",
                      "https://www.googleapis.com/auth/trace.append"
                    ],
                    "preemptible": false,
                    "sandbox_config": [],
                    "service_account": "default",
                    "shielded_instance_config": [
                      {
                        "enable_integrity_monitoring": true,
                        "enable_secure_boot": false
                      }
                    ],
                    "tags": [],
                    "taint": [],
                    "workload_metadata_config": []
                  }
                ],
                "node_count": 3,
                "upgrade_settings": [],
                "version": "1.14.10-gke.24"
              }
            ],
            "node_version": "1.14.10-gke.24",
            "operation": null,
            "pod_security_policy_config": null,
            "private_cluster_config": [],
            "project": "alien-trainer-269910",
            "region": null,
            "remove_default_node_pool": null,
            "resource_labels": null,
            "services_ipv4_cidr": "10.27.240.0/20",
            "subnetwork": "projects/alien-trainer-269910/regions/europe-west1/subnetworks/default",
            "timeouts": null,
            "vertical_pod_autoscaling": [],
            "zone": null
          },
          "private": "eyJlMmJmYjczMC1lY2FhLTExZTYtOGY4OC0zNDM2M2JjN2M0YzAiOnsiY3JlYXRlIjoyNDAwMDAwMDAwMDAwLCJkZWxldGUiOjI0MDAwMDAwMDAwMDAsInVwZGF0ZSI6MzYwMDAwMDAwMDAwMH0sInNjaGVtYV92ZXJzaW9uIjoiMSJ9"
        }
      ]
    }
  ]
}
